// !$*UTF8*$!
{
	archiveVersion = 1;
	classes = {
	};
	objectVersion = 55;
	objects = {

/* Begin PBXBuildFile section */
		449AE97427A1422A0073B7E7 /* AppDelegate.swift in Sources */ = {isa = PBXBuildFile; fileRef = 449AE97327A1422A0073B7E7 /* AppDelegate.swift */; };
		449AE97627A1422A0073B7E7 /* SceneDelegate.swift in Sources */ = {isa = PBXBuildFile; fileRef = 449AE97527A1422A0073B7E7 /* SceneDelegate.swift */; };
		449AE97827A1422A0073B7E7 /* ViewController.swift in Sources */ = {isa = PBXBuildFile; fileRef = 449AE97727A1422A0073B7E7 /* ViewController.swift */; };
		449AE97B27A1422A0073B7E7 /* Main.storyboard in Resources */ = {isa = PBXBuildFile; fileRef = 449AE97927A1422A0073B7E7 /* Main.storyboard */; };
		449AE97D27A1422D0073B7E7 /* Assets.xcassets in Resources */ = {isa = PBXBuildFile; fileRef = 449AE97C27A1422D0073B7E7 /* Assets.xcassets */; };
		449AE98027A1422D0073B7E7 /* LaunchScreen.storyboard in Resources */ = {isa = PBXBuildFile; fileRef = 449AE97E27A1422D0073B7E7 /* LaunchScreen.storyboard */; };
		449AE98D27A16AFA0073B7E7 /* MyCars.xcdatamodeld in Sources */ = {isa = PBXBuildFile; fileRef = 449AE98B27A16AFA0073B7E7 /* MyCars.xcdatamodeld */; };
		449AE99327A17A220073B7E7 /* data.plist in Resources */ = {isa = PBXBuildFile; fileRef = 449AE99227A17A220073B7E7 /* data.plist */; };
/* End PBXBuildFile section */

/* Begin PBXFileReference section */
		449AE97027A1422A0073B7E7 /* CoreDataCar.app */ = {isa = PBXFileReference; explicitFileType = wrapper.application; includeInIndex = 0; path = CoreDataCar.app; sourceTree = BUILT_PRODUCTS_DIR; };
		449AE97327A1422A0073B7E7 /* AppDelegate.swift */ = {isa = PBXFileReference; lastKnownFileType = sourcecode.swift; path = AppDelegate.swift; sourceTree = "<group>"; };
		449AE97527A1422A0073B7E7 /* SceneDelegate.swift */ = {isa = PBXFileReference; lastKnownFileType = sourcecode.swift; path = SceneDelegate.swift; sourceTree = "<group>"; };
		449AE97727A1422A0073B7E7 /* ViewController.swift */ = {isa = PBXFileReference; lastKnownFileType = sourcecode.swift; path = ViewController.swift; sourceTree = "<group>"; };
		449AE97A27A1422A0073B7E7 /* Base */ = {isa = PBXFileReference; lastKnownFileType = file.storyboard; name = Base; path = Base.lproj/Main.storyboard; sourceTree = "<group>"; };
		449AE97C27A1422D0073B7E7 /* Assets.xcassets */ = {isa = PBXFileReference; lastKnownFileType = folder.assetcatalog; path = Assets.xcassets; sourceTree = "<group>"; };
		449AE97F27A1422D0073B7E7 /* Base */ = {isa = PBXFileReference; lastKnownFileType = file.storyboard; name = Base; path = Base.lproj/LaunchScreen.storyboard; sourceTree = "<group>"; };
		449AE98127A1422D0073B7E7 /* Info.plist */ = {isa = PBXFileReference; lastKnownFileType = text.plist.xml; path = Info.plist; sourceTree = "<group>"; };
		449AE98C27A16AFA0073B7E7 /* MyCars.xcdatamodel */ = {isa = PBXFileReference; lastKnownFileType = wrapper.xcdatamodel; path = MyCars.xcdatamodel; sourceTree = "<group>"; };
		449AE98E27A177A20073B7E7 /* Car+CoreDataClass.swift */ = {isa = PBXFileReference; lastKnownFileType = sourcecode.swift; path = "Car+CoreDataClass.swift"; sourceTree = "<group>"; };
		449AE98F27A177A20073B7E7 /* Car+CoreDataProperties.swift */ = {isa = PBXFileReference; lastKnownFileType = sourcecode.swift; path = "Car+CoreDataProperties.swift"; sourceTree = "<group>"; };
		449AE99227A17A220073B7E7 /* data.plist */ = {isa = PBXFileReference; lastKnownFileType = text.plist.xml; path = data.plist; sourceTree = "<group>"; };
/* End PBXFileReference section */

/* Begin PBXFrameworksBuildPhase section */
		449AE96D27A1422A0073B7E7 /* Frameworks */ = {
			isa = PBXFrameworksBuildPhase;
			buildActionMask = 2147483647;
			files = (
			);
			runOnlyForDeploymentPostprocessing = 0;
		};
/* End PBXFrameworksBuildPhase section */

/* Begin PBXGroup section */
		449AE96727A1422A0073B7E7 = {
			isa = PBXGroup;
			children = (
				449AE98E27A177A20073B7E7 /* Car+CoreDataClass.swift */,
				449AE98F27A177A20073B7E7 /* Car+CoreDataProperties.swift */,
				449AE97227A1422A0073B7E7 /* CoreDataCar */,
				449AE97127A1422A0073B7E7 /* Products */,
			);
			sourceTree = "<group>";
		};
		449AE97127A1422A0073B7E7 /* Products */ = {
			isa = PBXGroup;
			children = (
				449AE97027A1422A0073B7E7 /* CoreDataCar.app */,
			);
			name = Products;
			sourceTree = "<group>";
		};
		449AE97227A1422A0073B7E7 /* CoreDataCar */ = {
			isa = PBXGroup;
			children = (
				449AE98A27A16ADF0073B7E7 /* Model */,
				449AE98927A143860073B7E7 /* Controller */,
				449AE98827A143670073B7E7 /* View */,
				449AE98727A142A20073B7E7 /* SupportFiles */,
			);
			path = CoreDataCar;
			sourceTree = "<group>";
		};
		449AE98727A142A20073B7E7 /* SupportFiles */ = {
			isa = PBXGroup;
			children = (
				449AE97327A1422A0073B7E7 /* AppDelegate.swift */,
				449AE97527A1422A0073B7E7 /* SceneDelegate.swift */,
				449AE97C27A1422D0073B7E7 /* Assets.xcassets */,
				449AE98127A1422D0073B7E7 /* Info.plist */,
			);
			path = SupportFiles;
			sourceTree = "<group>";
		};
		449AE98827A143670073B7E7 /* View */ = {
			isa = PBXGroup;
			children = (
				449AE97927A1422A0073B7E7 /* Main.storyboard */,
				449AE97E27A1422D0073B7E7 /* LaunchScreen.storyboard */,
			);
			path = View;
			sourceTree = "<group>";
		};
		449AE98927A143860073B7E7 /* Controller */ = {
			isa = PBXGroup;
			children = (
				449AE97727A1422A0073B7E7 /* ViewController.swift */,
			);
			path = Controller;
			sourceTree = "<group>";
		};
		449AE98A27A16ADF0073B7E7 /* Model */ = {
			isa = PBXGroup;
			children = (
				449AE98B27A16AFA0073B7E7 /* MyCars.xcdatamodeld */,
				449AE99227A17A220073B7E7 /* data.plist */,
			);
			path = Model;
			sourceTree = "<group>";
		};
/* End PBXGroup section */

/* Begin PBXNativeTarget section */
		449AE96F27A1422A0073B7E7 /* CoreDataCar */ = {
			isa = PBXNativeTarget;
			buildConfigurationList = 449AE98427A1422D0073B7E7 /* Build configuration list for PBXNativeTarget "CoreDataCar" */;
			buildPhases = (
				449AE96C27A1422A0073B7E7 /* Sources */,
				449AE96D27A1422A0073B7E7 /* Frameworks */,
				449AE96E27A1422A0073B7E7 /* Resources */,
			);
			buildRules = (
			);
			dependencies = (
			);
			name = CoreDataCar;
			productName = CoreDataCar;
			productReference = 449AE97027A1422A0073B7E7 /* CoreDataCar.app */;
			productType = "com.apple.product-type.application";
		};
/* End PBXNativeTarget section */

/* Begin PBXProject section */
		449AE96827A1422A0073B7E7 /* Project object */ = {
			isa = PBXProject;
			attributes = {
				BuildIndependentTargetsInParallel = 1;
				LastSwiftUpdateCheck = 1310;
				LastUpgradeCheck = 1310;
				TargetAttributes = {
					449AE96F27A1422A0073B7E7 = {
						CreatedOnToolsVersion = 13.1;
					};
				};
			};
			buildConfigurationList = 449AE96B27A1422A0073B7E7 /* Build configuration list for PBXProject "CoreDataCar" */;
			compatibilityVersion = "Xcode 13.0";
			developmentRegion = en;
			hasScannedForEncodings = 0;
			knownRegions = (
				en,
				Base,
			);
			mainGroup = 449AE96727A1422A0073B7E7;
			productRefGroup = 449AE97127A1422A0073B7E7 /* Products */;
			projectDirPath = "";
			projectRoot = "";
			targets = (
				449AE96F27A1422A0073B7E7 /* CoreDataCar */,
			);
		};
/* End PBXProject section */

/* Begin PBXResourcesBuildPhase section */
		449AE96E27A1422A0073B7E7 /* Resources */ = {
			isa = PBXResourcesBuildPhase;
			buildActionMask = 2147483647;
			files = (
				449AE98027A1422D0073B7E7 /* LaunchScreen.storyboard in Resources */,
				449AE97D27A1422D0073B7E7 /* Assets.xcassets in Resources */,
				449AE99327A17A220073B7E7 /* data.plist in Resources */,
				449AE97B27A1422A0073B7E7 /* Main.storyboard in Resources */,
			);
			runOnlyForDeploymentPostprocessing = 0;
		};
/* End PBXResourcesBuildPhase section */

/* Begin PBXSourcesBuildPhase section */
		449AE96C27A1422A0073B7E7 /* Sources */ = {
			isa = PBXSourcesBuildPhase;
			buildActionMask = 2147483647;
			files = (
				449AE97827A1422A0073B7E7 /* ViewController.swift in Sources */,
				449AE97427A1422A0073B7E7 /* AppDelegate.swift in Sources */,
				449AE98D27A16AFA0073B7E7 /* MyCars.xcdatamodeld in Sources */,
				449AE97627A1422A0073B7E7 /* SceneDelegate.swift in Sources */,
			);
			runOnlyForDeploymentPostprocessing = 0;
		};
/* End PBXSourcesBuildPhase section */

/* Begin PBXVariantGroup section */
		449AE97927A1422A0073B7E7 /* Main.storyboard */ = {
			isa = PBXVariantGroup;
			children = (
				449AE97A27A1422A0073B7E7 /* Base */,
			);
			name = Main.storyboard;
			sourceTree = "<group>";
		};
		449AE97E27A1422D0073B7E7 /* LaunchScreen.storyboard */ = {
			isa = PBXVariantGroup;
			children = (
				449AE97F27A1422D0073B7E7 /* Base */,
			);
			name = LaunchScreen.storyboard;
			sourceTree = "<group>";
		};
/* End PBXVariantGroup section */

/* Begin XCBuildConfiguration section */
		449AE98227A1422D0073B7E7 /* Debug */ = {
			isa = XCBuildConfiguration;
			buildSettings = {
				ALWAYS_SEARCH_USER_PATHS = NO;
				CLANG_ANALYZER_NONNULL = YES;
				CLANG_ANALYZER_NUMBER_OBJECT_CONVERSION = YES_AGGRESSIVE;
				CLANG_CXX_LANGUAGE_STANDARD = "gnu++17";
				CLANG_CXX_LIBRARY = "libc++";
				CLANG_ENABLE_MODULES = YES;
				CLANG_ENABLE_OBJC_ARC = YES;
				CLANG_ENABLE_OBJC_WEAK = YES;
				CLANG_WARN_BLOCK_CAPTURE_AUTORELEASING = YES;
				CLANG_WARN_BOOL_CONVERSION = YES;
				CLANG_WARN_COMMA = YES;
				CLANG_WARN_CONSTANT_CONVERSION = YES;
				CLANG_WARN_DEPRECATED_OBJC_IMPLEMENTATIONS = YES;
				CLANG_WARN_DIRECT_OBJC_ISA_USAGE = YES_ERROR;
				CLANG_WARN_DOCUMENTATION_COMMENTS = YES;
				CLANG_WARN_EMPTY_BODY = YES;
				CLANG_WARN_ENUM_CONVERSION = YES;
				CLANG_WARN_INFINITE_RECURSION = YES;
				CLANG_WARN_INT_CONVERSION = YES;
				CLANG_WARN_NON_LITERAL_NULL_CONVERSION = YES;
				CLANG_WARN_OBJC_IMPLICIT_RETAIN_SELF = YES;
				CLANG_WARN_OBJC_LITERAL_CONVERSION = YES;
				CLANG_WARN_OBJC_ROOT_CLASS = YES_ERROR;
				CLANG_WARN_QUOTED_INCLUDE_IN_FRAMEWORK_HEADER = YES;
				CLANG_WARN_RANGE_LOOP_ANALYSIS = YES;
				CLANG_WARN_STRICT_PROTOTYPES = YES;
				CLANG_WARN_SUSPICIOUS_MOVE = YES;
				CLANG_WARN_UNGUARDED_AVAILABILITY = YES_AGGRESSIVE;
				CLANG_WARN_UNREACHABLE_CODE = YES;
				CLANG_WARN__DUPLICATE_METHOD_MATCH = YES;
				COPY_PHASE_STRIP = NO;
				DEBUG_INFORMATION_FORMAT = dwarf;
				ENABLE_STRICT_OBJC_MSGSEND = YES;
				ENABLE_TESTABILITY = YES;
				GCC_C_LANGUAGE_STANDARD = gnu11;
				GCC_DYNAMIC_NO_PIC = NO;
				GCC_NO_COMMON_BLOCKS = YES;
				GCC_OPTIMIZATION_LEVEL = 0;
				GCC_PREPROCESSOR_DEFINITIONS = (
					"DEBUG=1",
					"$(inherited)",
				);
				GCC_WARN_64_TO_32_BIT_CONVERSION = YES;
				GCC_WARN_ABOUT_RETURN_TYPE = YES_ERROR;
				GCC_WARN_UNDECLARED_SELECTOR = YES;
				GCC_WARN_UNINITIALIZED_AUTOS = YES_AGGRESSIVE;
				GCC_WARN_UNUSED_FUNCTION = YES;
				GCC_WARN_UNUSED_VARIABLE = YES;
				IPHONEOS_DEPLOYMENT_TARGET = 15.0;
				MTL_ENABLE_DEBUG_INFO = INCLUDE_SOURCE;
				MTL_FAST_MATH = YES;
				ONLY_ACTIVE_ARCH = YES;
				SDKROOT = iphoneos;
				SWIFT_ACTIVE_COMPILATION_CONDITIONS = DEBUG;
				SWIFT_OPTIMIZATION_LEVEL = "-Onone";
			};
			name = Debug;
		};
		449AE98327A1422D0073B7E7 /* Release */ = {
			isa = XCBuildConfiguration;
			buildSettings = {
				ALWAYS_SEARCH_USER_PATHS = NO;
				CLANG_ANALYZER_NONNULL = YES;
				CLANG_ANALYZER_NUMBER_OBJECT_CONVERSION = YES_AGGRESSIVE;
				CLANG_CXX_LANGUAGE_STANDARD = "gnu++17";
				CLANG_CXX_LIBRARY = "libc++";
				CLANG_ENABLE_MODULES = YES;
				CLANG_ENABLE_OBJC_ARC = YES;
				CLANG_ENABLE_OBJC_WEAK = YES;
				CLANG_WARN_BLOCK_CAPTURE_AUTORELEASING = YES;
				CLANG_WARN_BOOL_CONVERSION = YES;
				CLANG_WARN_COMMA = YES;
				CLANG_WARN_CONSTANT_CONVERSION = YES;
				CLANG_WARN_DEPRECATED_OBJC_IMPLEMENTATIONS = YES;
				CLANG_WARN_DIRECT_OBJC_ISA_USAGE = YES_ERROR;
				CLANG_WARN_DOCUMENTATION_COMMENTS = YES;
				CLANG_WARN_EMPTY_BODY = YES;
				CLANG_WARN_ENUM_CONVERSION = YES;
				CLANG_WARN_INFINITE_RECURSION = YES;
				CLANG_WARN_INT_CONVERSION = YES;
				CLANG_WARN_NON_LITERAL_NULL_CONVERSION = YES;
				CLANG_WARN_OBJC_IMPLICIT_RETAIN_SELF = YES;
				CLANG_WARN_OBJC_LITERAL_CONVERSION = YES;
				CLANG_WARN_OBJC_ROOT_CLASS = YES_ERROR;
				CLANG_WARN_QUOTED_INCLUDE_IN_FRAMEWORK_HEADER = YES;
				CLANG_WARN_RANGE_LOOP_ANALYSIS = YES;
				CLANG_WARN_STRICT_PROTOTYPES = YES;
				CLANG_WARN_SUSPICIOUS_MOVE = YES;
				CLANG_WARN_UNGUARDED_AVAILABILITY = YES_AGGRESSIVE;
				CLANG_WARN_UNREACHABLE_CODE = YES;
				CLANG_WARN__DUPLICATE_METHOD_MATCH = YES;
				COPY_PHASE_STRIP = NO;
				DEBUG_INFORMATION_FORMAT = "dwarf-with-dsym";
				ENABLE_NS_ASSERTIONS = NO;
				ENABLE_STRICT_OBJC_MSGSEND = YES;
				GCC_C_LANGUAGE_STANDARD = gnu11;
				GCC_NO_COMMON_BLOCKS = YES;
				GCC_WARN_64_TO_32_BIT_CONVERSION = YES;
				GCC_WARN_ABOUT_RETURN_TYPE = YES_ERROR;
				GCC_WARN_UNDECLARED_SELECTOR = YES;
				GCC_WARN_UNINITIALIZED_AUTOS = YES_AGGRESSIVE;
				GCC_WARN_UNUSED_FUNCTION = YES;
				GCC_WARN_UNUSED_VARIABLE = YES;
				IPHONEOS_DEPLOYMENT_TARGET = 15.0;
				MTL_ENABLE_DEBUG_INFO = NO;
				MTL_FAST_MATH = YES;
				SDKROOT = iphoneos;
				SWIFT_COMPILATION_MODE = wholemodule;
				SWIFT_OPTIMIZATION_LEVEL = "-O";
				VALIDATE_PRODUCT = YES;
			};
			name = Release;
		};
		449AE98527A1422D0073B7E7 /* Debug */ = {
			isa = XCBuildConfiguration;
			buildSettings = {
				ASSETCATALOG_COMPILER_APPICON_NAME = AppIcon;
				ASSETCATALOG_COMPILER_GLOBAL_ACCENT_COLOR_NAME = AccentColor;
				CODE_SIGN_STYLE = Automatic;
				CURRENT_PROJECT_VERSION = 1;
				DEVELOPMENT_TEAM = 84N4PJWN7L;
				GENERATE_INFOPLIST_FILE = YES;
				INFOPLIST_FILE = CoreDataCar/SupportFiles/Info.plist;
				INFOPLIST_KEY_UIApplicationSupportsIndirectInputEvents = YES;
				INFOPLIST_KEY_UILaunchStoryboardName = LaunchScreen;
				INFOPLIST_KEY_UIMainStoryboardFile = Main;
				INFOPLIST_KEY_UISupportedInterfaceOrientations_iPad = "UIInterfaceOrientationPortrait UIInterfaceOrientationPortraitUpsideDown UIInterfaceOrientationLandscapeLeft UIInterfaceOrientationLandscapeRight";
				INFOPLIST_KEY_UISupportedInterfaceOrientations_iPhone = "UIInterfaceOrientationPortrait UIInterfaceOrientationLandscapeLeft UIInterfaceOrientationLandscapeRight";
				LD_RUNPATH_SEARCH_PATHS = (
					"$(inherited)",
					"@executable_path/Frameworks",
				);
				MARKETING_VERSION = 1.0;
				PRODUCT_BUNDLE_IDENTIFIER = "Nikita-Kogolenok.CoreDataCar";
				PRODUCT_NAME = "$(TARGET_NAME)";
				SWIFT_EMIT_LOC_STRINGS = YES;
				SWIFT_VERSION = 5.0;
				TARGETED_DEVICE_FAMILY = "1,2";
			};
			name = Debug;
		};
		449AE98627A1422D0073B7E7 /* Release */ = {
			isa = XCBuildConfiguration;
			buildSettings = {
				ASSETCATALOG_COMPILER_APPICON_NAME = AppIcon;
				ASSETCATALOG_COMPILER_GLOBAL_ACCENT_COLOR_NAME = AccentColor;
				CODE_SIGN_STYLE = Automatic;
				CURRENT_PROJECT_VERSION = 1;
				DEVELOPMENT_TEAM = 84N4PJWN7L;
				GENERATE_INFOPLIST_FILE = YES;
				INFOPLIST_FILE = CoreDataCar/SupportFiles/Info.plist;
				INFOPLIST_KEY_UIApplicationSupportsIndirectInputEvents = YES;
				INFOPLIST_KEY_UILaunchStoryboardName = LaunchScreen;
				INFOPLIST_KEY_UIMainStoryboardFile = Main;
				INFOPLIST_KEY_UISupportedInterfaceOrientations_iPad = "UIInterfaceOrientationPortrait UIInterfaceOrientationPortraitUpsideDown UIInterfaceOrientationLandscapeLeft UIInterfaceOrientationLandscapeRight";
				INFOPLIST_KEY_UISupportedInterfaceOrientations_iPhone = "UIInterfaceOrientationPortrait UIInterfaceOrientationLandscapeLeft UIInterfaceOrientationLandscapeRight";
				LD_RUNPATH_SEARCH_PATHS = (
					"$(inherited)",
					"@executable_path/Frameworks",
				);
				MARKETING_VERSION = 1.0;
				PRODUCT_BUNDLE_IDENTIFIER = "Nikita-Kogolenok.CoreDataCar";
				PRODUCT_NAME = "$(TARGET_NAME)";
				SWIFT_EMIT_LOC_STRINGS = YES;
				SWIFT_VERSION = 5.0;
				TARGETED_DEVICE_FAMILY = "1,2";
			};
			name = Release;
		};
/* End XCBuildConfiguration section */

/* Begin XCConfigurationList section */
		449AE96B27A1422A0073B7E7 /* Build configuration list for PBXProject "CoreDataCar" */ = {
			isa = XCConfigurationList;
			buildConfigurations = (
				449AE98227A1422D0073B7E7 /* Debug */,
				449AE98327A1422D0073B7E7 /* Release */,
			);
			defaultConfigurationIsVisible = 0;
			defaultConfigurationName = Release;
		};
		449AE98427A1422D0073B7E7 /* Build configuration list for PBXNativeTarget "CoreDataCar" */ = {
			isa = XCConfigurationList;
			buildConfigurations = (
				449AE98527A1422D0073B7E7 /* Debug */,
				449AE98627A1422D0073B7E7 /* Release */,
			);
			defaultConfigurationIsVisible = 0;
			defaultConfigurationName = Release;
		};
/* End XCConfigurationList section */

/* Begin XCVersionGroup section */
		449AE98B27A16AFA0073B7E7 /* MyCars.xcdatamodeld */ = {
			isa = XCVersionGroup;
			children = (
				449AE98C27A16AFA0073B7E7 /* MyCars.xcdatamodel */,
			);
			currentVersion = 449AE98C27A16AFA0073B7E7 /* MyCars.xcdatamodel */;
			path = MyCars.xcdatamodeld;
			sourceTree = "<group>";
			versionGroupType = wrapper.xcdatamodel;
		};
/* End XCVersionGroup section */
	};
	rootObject = 449AE96827A1422A0073B7E7 /* Project object */;
}
